
Microsoft Visual Studio Solution File, Format Version 9.00
# Visual Studio 2005
Project("{2150E333-8FDC-42A3-9474-1A3956D46DE8}") = "Psycho", "Psycho", "{7A5E2F8C-9A9E-4C83-9854-F2113F5FDA1F}"
EndProject
Project("{2150E333-8FDC-42A3-9474-1A3956D46DE8}") = "Core", "Core", "{F0813386-967A-4DBA-8709-E8AE14700C58}"
EndProject
Project("{FAE04EC0-301F-11D3-BF4B-00C04F79EFBC}") = "Psycho.Core", "src\Core\Psycho.Core\Psycho.Core.csproj", "{49875DE6-9539-4B4F-B38F-AB262F8935B5}"
EndProject
Global
	GlobalSection(SolutionConfigurationPlatforms) = preSolution
		Debug|Any CPU = Debug|Any CPU
		Release|Any CPU = Release|Any CPU
	EndGlobalSection
	GlobalSection(ProjectConfigurationPlatforms) = postSolution
		{49875DE6-9539-4B4F-B38F-AB262F8935B5}.Debug|Any CPU.ActiveCfg = Debug|Any CPU
		{49875DE6-9539-4B4F-B38F-AB262F8935B5}.Debug|Any CPU.Build.0 = Debug|Any CPU
		{49875DE6-9539-4B4F-B38F-AB262F8935B5}.Release|Any CPU.ActiveCfg = Release|Any CPU
		{49875DE6-9539-4B4F-B38F-AB262F8935B5}.Release|Any CPU.Build.0 = Release|Any CPU
	EndGlobalSection
	GlobalSection(NestedProjects) = preSolution
		{F0813386-967A-4DBA-8709-E8AE14700C58} = {7A5E2F8C-9A9E-4C83-9854-F2113F5FDA1F}
		{49875DE6-9539-4B4F-B38F-AB262F8935B5} = {F0813386-967A-4DBA-8709-E8AE14700C58}
	EndGlobalSection
	GlobalSection(MonoDevelopProperties) = preSolution
		name = Psycho
		version = 0.1
		StartupItem = src\Core\Psycho.Core\Psycho.Core.csproj
		Policies = $0
		$0.DotNetNamingPolicy = $1
		$1.DirectoryNamespaceAssociation = PrefixedFlat
		$1.ResourceNamePolicy = FileName
	EndGlobalSection
	GlobalSection(SolutionProperties) = preSolution
		HideSolutionNode = FALSE
	EndGlobalSection
EndGlobal
