
Microsoft Visual Studio Solution File, Format Version 9.00
# Visual Studio 2005
Project("{2150E333-8FDC-42A3-9474-1A3956D46DE8}") = "Psycho", "Psycho", "{7A5E2F8C-9A9E-4C83-9854-F2113F5FDA1F}"
EndProject
Project("{FAE04EC0-301F-11D3-BF4B-00C04F79EFBC}") = "Psycho.Core", "src\Core\Psycho.Core\Psycho.Core.csproj", "{49875DE6-9539-4B4F-B38F-AB262F8935B5}"
EndProject
Project("{FAE04EC0-301F-11D3-BF4B-00C04F79EFBC}") = "Psycho.GUI", "src\Psycho.GUI\Psycho.GUI.csproj", "{8D891006-2941-417C-86FB-C5F1ACB6C540}"
EndProject
Global
	GlobalSection(SolutionConfigurationPlatforms) = preSolution
		Debug|Any CPU = Debug|Any CPU
		Release|Any CPU = Release|Any CPU
	EndGlobalSection
	GlobalSection(ProjectConfigurationPlatforms) = postSolution
		{49875DE6-9539-4B4F-B38F-AB262F8935B5}.Debug|Any CPU.ActiveCfg = Debug|Any CPU
		{49875DE6-9539-4B4F-B38F-AB262F8935B5}.Debug|Any CPU.Build.0 = Debug|Any CPU
		{49875DE6-9539-4B4F-B38F-AB262F8935B5}.Release|Any CPU.ActiveCfg = Release|Any CPU
		{49875DE6-9539-4B4F-B38F-AB262F8935B5}.Release|Any CPU.Build.0 = Release|Any CPU
		{8D891006-2941-417C-86FB-C5F1ACB6C540}.Debug|Any CPU.ActiveCfg = Debug|Any CPU
		{8D891006-2941-417C-86FB-C5F1ACB6C540}.Debug|Any CPU.Build.0 = Debug|Any CPU
		{8D891006-2941-417C-86FB-C5F1ACB6C540}.Release|Any CPU.ActiveCfg = Release|Any CPU
		{8D891006-2941-417C-86FB-C5F1ACB6C540}.Release|Any CPU.Build.0 = Release|Any CPU
	EndGlobalSection
	GlobalSection(NestedProjects) = preSolution
		{49875DE6-9539-4B4F-B38F-AB262F8935B5} = {7A5E2F8C-9A9E-4C83-9854-F2113F5FDA1F}
		{8D891006-2941-417C-86FB-C5F1ACB6C540} = {7A5E2F8C-9A9E-4C83-9854-F2113F5FDA1F}
	EndGlobalSection
	GlobalSection(MonoDevelopProperties) = preSolution
		version = 0.1
		StartupItem = src\Core\Psycho.Core\Psycho.Core.csproj
		Policies = $0
		$0.TextStylePolicy = $1
		$1.FileWidth = 80
		$1.TabWidth = 4
		$1.TabsToSpaces = False
		$1.NoTabsAfterNonTabs = False
		$1.RemoveTrailingWhitespace = False
		$1.EolMarker = Native
		$0.StandardHeader = $2
		$2.Text = @//------10--------20--------30--------40--------50--------60--------70--------80\r\n//\r\n// $Filename\r\n// \r\n// Copyright (C) 2008 Piotr Zurek p.zurek@gmail.com\r\n//\r\n// This program is free software: you can redistribute it and/or modify\r\n// it under the terms of the GNU General Public License as published by\r\n// the Free Software Foundation, either version 3 of the License, or\r\n// (at your option) any later version.\r\n//\r\n// This program is distributed in the hope that it will be useful,\r\n// but WITHOUT ANY WARRANTY; without even the implied warranty of\r\n// MERCHANTABILITY or FITNESS FOR A PARTICULAR PURPOSE.  See the\r\n// GNU General Public License for more details.\r\n//\r\n// You should have received a copy of the GNU General Public License\r\n// along with this program.  If not, see <http://www.gnu.org/licenses/>.\r\n//
		$2.inheritsSet = MITX11License
		$0.DotNetNamingPolicy = $3
		$3.DirectoryNamespaceAssociation = Flat
		$3.ResourceNamePolicy = FileName
		name = Psycho
	EndGlobalSection
	GlobalSection(SolutionProperties) = preSolution
		HideSolutionNode = FALSE
	EndGlobalSection
EndGlobal
