
Microsoft Visual Studio Solution File, Format Version 9.00
# Visual Studio 2005
Project("{2150E333-8FDC-42A3-9474-1A3956D46DE8}") = "Psycho", "Psycho", "{7A5E2F8C-9A9E-4C83-9854-F2113F5FDA1F}"
EndProject
Project("{2150E333-8FDC-42A3-9474-1A3956D46DE8}") = "Core", "Core", "{F0813386-967A-4DBA-8709-E8AE14700C58}"
EndProject
Project("{FAE04EC0-301F-11D3-BF4B-00C04F79EFBC}") = "Psycho.Core", "src\Core\Psycho.Core\Psycho.Core.csproj", "{49875DE6-9539-4B4F-B38F-AB262F8935B5}"
EndProject
Project("{2150E333-8FDC-42A3-9474-1A3956D46DE8}") = "Libraries", "Libraries", "{CA04E77D-E974-4A05-ABC6-659AF407D329}"
EndProject
Project("{2150E333-8FDC-42A3-9474-1A3956D46DE8}") = "Mumu", "Mumu", "{A8949A45-5AD5-42D8-BE41-F13794853BFB}"
EndProject
Project("{FAE04EC0-301F-11D3-BF4B-00C04F79EFBC}") = "Mumu.Data", "src\Libraries\Mumu\Mumu.Data\Mumu.Data.csproj", "{1F53D429-A4FF-4BA6-AA63-6AD2C030F198}"
EndProject
Project("{FAE04EC0-301F-11D3-BF4B-00C04F79EFBC}") = "Mumu.Geometry", "src\Libraries\Mumu\Mumu.Geometry\Mumu.Geometry.csproj", "{68B9B57D-18A3-4814-BE57-AB8871B9137B}"
EndProject
Project("{2150E333-8FDC-42A3-9474-1A3956D46DE8}") = "Teddy", "Teddy", "{60D6C9B9-07B2-4D2D-97BA-C960F0652C4A}"
EndProject
Project("{FAE04EC0-301F-11D3-BF4B-00C04F79EFBC}") = "Teddy.Core", "src\Libraries\Teddy\Teddy.Core\Teddy.Core.csproj", "{26E0D481-5056-4E4A-B1A8-F4184755695E}"
EndProject
Project("{FAE04EC0-301F-11D3-BF4B-00C04F79EFBC}") = "Sample", "src\Libraries\Teddy\TeddyPad\TeddyPad.csproj", "{256704C1-C489-4A6A-9931-332B0EBA4254}"
EndProject
Project("{2150E333-8FDC-42A3-9474-1A3956D46DE8}") = "Extensions", "Extensions", "{685A55B8-2666-45F6-974C-AFA9C7AB1590}"
EndProject
Global
	GlobalSection(SolutionConfigurationPlatforms) = preSolution
		Debug|Any CPU = Debug|Any CPU
		Release|Any CPU = Release|Any CPU
	EndGlobalSection
	GlobalSection(ProjectConfigurationPlatforms) = postSolution
		{49875DE6-9539-4B4F-B38F-AB262F8935B5}.Debug|Any CPU.ActiveCfg = Debug|Any CPU
		{49875DE6-9539-4B4F-B38F-AB262F8935B5}.Debug|Any CPU.Build.0 = Debug|Any CPU
		{49875DE6-9539-4B4F-B38F-AB262F8935B5}.Release|Any CPU.ActiveCfg = Release|Any CPU
		{49875DE6-9539-4B4F-B38F-AB262F8935B5}.Release|Any CPU.Build.0 = Release|Any CPU
		{1F53D429-A4FF-4BA6-AA63-6AD2C030F198}.Debug|Any CPU.ActiveCfg = Debug|Any CPU
		{1F53D429-A4FF-4BA6-AA63-6AD2C030F198}.Debug|Any CPU.Build.0 = Debug|Any CPU
		{1F53D429-A4FF-4BA6-AA63-6AD2C030F198}.Release|Any CPU.ActiveCfg = Release|Any CPU
		{1F53D429-A4FF-4BA6-AA63-6AD2C030F198}.Release|Any CPU.Build.0 = Release|Any CPU
		{68B9B57D-18A3-4814-BE57-AB8871B9137B}.Debug|Any CPU.ActiveCfg = Debug|Any CPU
		{68B9B57D-18A3-4814-BE57-AB8871B9137B}.Debug|Any CPU.Build.0 = Debug|Any CPU
		{68B9B57D-18A3-4814-BE57-AB8871B9137B}.Release|Any CPU.ActiveCfg = Release|Any CPU
		{68B9B57D-18A3-4814-BE57-AB8871B9137B}.Release|Any CPU.Build.0 = Release|Any CPU
		{26E0D481-5056-4E4A-B1A8-F4184755695E}.Debug|Any CPU.ActiveCfg = Debug|Any CPU
		{26E0D481-5056-4E4A-B1A8-F4184755695E}.Debug|Any CPU.Build.0 = Debug|Any CPU
		{26E0D481-5056-4E4A-B1A8-F4184755695E}.Release|Any CPU.ActiveCfg = Release|Any CPU
		{26E0D481-5056-4E4A-B1A8-F4184755695E}.Release|Any CPU.Build.0 = Release|Any CPU
	EndGlobalSection
	GlobalSection(SolutionProperties) = preSolution
		HideSolutionNode = FALSE
	EndGlobalSection
	GlobalSection(NestedProjects) = preSolution
		{F0813386-967A-4DBA-8709-E8AE14700C58} = {7A5E2F8C-9A9E-4C83-9854-F2113F5FDA1F}
		{CA04E77D-E974-4A05-ABC6-659AF407D329} = {7A5E2F8C-9A9E-4C83-9854-F2113F5FDA1F}
		{685A55B8-2666-45F6-974C-AFA9C7AB1590} = {7A5E2F8C-9A9E-4C83-9854-F2113F5FDA1F}
		{49875DE6-9539-4B4F-B38F-AB262F8935B5} = {F0813386-967A-4DBA-8709-E8AE14700C58}
		{A8949A45-5AD5-42D8-BE41-F13794853BFB} = {CA04E77D-E974-4A05-ABC6-659AF407D329}
		{60D6C9B9-07B2-4D2D-97BA-C960F0652C4A} = {CA04E77D-E974-4A05-ABC6-659AF407D329}
		{1F53D429-A4FF-4BA6-AA63-6AD2C030F198} = {A8949A45-5AD5-42D8-BE41-F13794853BFB}
		{68B9B57D-18A3-4814-BE57-AB8871B9137B} = {A8949A45-5AD5-42D8-BE41-F13794853BFB}
		{26E0D481-5056-4E4A-B1A8-F4184755695E} = {60D6C9B9-07B2-4D2D-97BA-C960F0652C4A}
		{256704C1-C489-4A6A-9931-332B0EBA4254} = {60D6C9B9-07B2-4D2D-97BA-C960F0652C4A}
	EndGlobalSection
EndGlobal
